
Microsoft Visual Studio Solution File, Format Version 12.00
# Visual Studio Version 17
VisualStudioVersion = 17.14.36109.1
MinimumVisualStudioVersion = 10.0.40219.1
Project("{2150E333-8FDC-42A3-9474-1A3956D46DE8}") = "Task0", "Task0", "{02EA681E-C7D8-13C7-8484-4AC65E1B71E8}"
EndProject
Project("{FAE04EC0-301F-11D3-BF4B-00C04F79EFBC}") = "Tyuiu.ArtemihinND.Sprint1.Task0.V28", "Tyuiu.ArtemihinND.Sprint1.Task0.V28\Tyuiu.ArtemihinND.Sprint1.Task0.V28.csproj", "{87B4B0FA-B4E8-4F86-A883-AA212C3EDE17}"
EndProject
Project("{FAE04EC0-301F-11D3-BF4B-00C04F79EFBC}") = "Tyuiu.ArtemihinND.Sprint1.Task0.V28.Lib", "Tyuiu.ArtemihinND.Sprint1.Task0.V28.Lib\Tyuiu.ArtemihinND.Sprint1.Task0.V28.Lib.csproj", "{38F1AADB-BBEF-4CBA-ABC7-409C908A2C1F}"
EndProject
Project("{FAE04EC0-301F-11D3-BF4B-00C04F79EFBC}") = "Tyuiu.ArtemihinND.Sprint1.Task0.V28.Test", "Tyuiu.ArtemihinND.Sprint1.Task0.V28.Test\Tyuiu.ArtemihinND.Sprint1.Task0.V28.Test.csproj", "{6757C5A7-2E77-480C-8AF9-DC55F8C77FEF}"
EndProject
Project("{2150E333-8FDC-42A3-9474-1A3956D46DE8}") = "Task1", "Task1", "{738791F6-E88B-4E4B-A3FD-248213590920}"
EndProject
Project("{FAE04EC0-301F-11D3-BF4B-00C04F79EFBC}") = "Tyuiu.ArtemihinND.Sprint1.Task1.V3", "Tyuiu.ArtemihinND.Sprint1.Task1.V3\Tyuiu.ArtemihinND.Sprint1.Task1.V3.csproj", "{22D339CA-8FA2-4921-B2DF-3569A0B9A0E8}"
EndProject
Project("{FAE04EC0-301F-11D3-BF4B-00C04F79EFBC}") = "Tyuiu.ArtemihinND.Sprint1.Task1.V3.Test", "Tyuiu.ArtemihinND.Sprint1.Task1.V3.Test\Tyuiu.ArtemihinND.Sprint1.Task1.V3.Test.csproj", "{6A5C84DE-6D4A-4090-B154-98057BA09376}"
EndProject
Project("{FAE04EC0-301F-11D3-BF4B-00C04F79EFBC}") = "Tyuiu.ArtemihinND.Sprint1.Task1.V3.Lib", "Tyuiu.ArtemihinND.Sprint1.Task1.V3.Lib\Tyuiu.ArtemihinND.Sprint1.Task1.V3.Lib.csproj", "{325B1C6D-83D6-4738-BD67-A3FABBCFA7B5}"
EndProject
Project("{2150E333-8FDC-42A3-9474-1A3956D46DE8}") = "Task2", "Task2", "{35970FF3-5C37-43A7-AA86-83A962CD0F51}"
EndProject
Project("{FAE04EC0-301F-11D3-BF4B-00C04F79EFBC}") = "Tyuiu.ArtemihinND.Sprint1.Task2.V15", "Tyuiu.ArtemihinND.Sprint1.Task2.V15\Tyuiu.ArtemihinND.Sprint1.Task2.V15.csproj", "{704029D3-2FB9-4D9C-850C-FAAEDA9D7E89}"
EndProject
Project("{FAE04EC0-301F-11D3-BF4B-00C04F79EFBC}") = "Tyuiu.ArtemihinND.Sprint1.Task2.V15.Lib", "Tyuiu.ArtemihinND.Sprint1.Task2.V15.Lib\Tyuiu.ArtemihinND.Sprint1.Task2.V15.Lib.csproj", "{19CE7B9B-98DF-4BE2-8DFE-19B2DE814490}"
EndProject
Project("{FAE04EC0-301F-11D3-BF4B-00C04F79EFBC}") = "Tyuiu.ArtemihinND.Sprint1.Task2.V15.Test", "Tyuiu.ArtemihinND.Sprint1.Task2.V15.Test\Tyuiu.ArtemihinND.Sprint1.Task2.V15.Test.csproj", "{AFAE3218-EFFA-46A9-A197-1A8A9B500A1B}"
EndProject
Project("{2150E333-8FDC-42A3-9474-1A3956D46DE8}") = "Task3", "Task3", "{10FB1857-B4D6-4276-85D8-C763163B0C24}"
EndProject
Project("{FAE04EC0-301F-11D3-BF4B-00C04F79EFBC}") = "Tyuiu.ArtemihinND.Sprint1.Task3.V1", "Tyuiu.ArtemihinND.Sprint1.Task3.V1\Tyuiu.ArtemihinND.Sprint1.Task3.V1.csproj", "{A1EA9829-EE80-435B-8EAF-550305AAB601}"
EndProject
Project("{FAE04EC0-301F-11D3-BF4B-00C04F79EFBC}") = "Tyuiu.ArtemihinND.Sprint1.Task3.V1.Test", "Tyuiu.ArtemihinND.Sprint1.Task3.V1.Test\Tyuiu.ArtemihinND.Sprint1.Task3.V1.Test.csproj", "{4637666F-A7BD-47CF-84A8-ADFE6C518CC9}"
EndProject
Project("{FAE04EC0-301F-11D3-BF4B-00C04F79EFBC}") = "Tyuiu.ArtemihinND.Sprint1.Task3.V1.Lib", "Tyuiu.ArtemihinND.Sprint1.Task3.V1.Lib\Tyuiu.ArtemihinND.Sprint1.Task3.V1.Lib.csproj", "{011ED8A8-F0A6-4EC5-9172-7FD9AF6E326A}"
EndProject
Project("{2150E333-8FDC-42A3-9474-1A3956D46DE8}") = "Task4", "Task4", "{7C8EF3AF-0C20-4433-BEFF-8069291C4475}"
EndProject
Project("{FAE04EC0-301F-11D3-BF4B-00C04F79EFBC}") = "Tyuiu.ArtemihinND.Sprint1.Task4.V18", "Tyuiu.ArtemihinND.Sprint1.Task4.V18\Tyuiu.ArtemihinND.Sprint1.Task4.V18.csproj", "{1B109BDA-2863-434A-B3E4-3229E6E9A79F}"
EndProject
Project("{FAE04EC0-301F-11D3-BF4B-00C04F79EFBC}") = "Tyuiu.ArtemihinND.Sprint1.Task4.V18.Lib", "Tyuiu.ArtemihinND.Sprint1.Task4.V18.Lib\Tyuiu.ArtemihinND.Sprint1.Task4.V18.Lib.csproj", "{BB96648C-5BAA-4531-883C-72592FB41553}"
EndProject
Project("{FAE04EC0-301F-11D3-BF4B-00C04F79EFBC}") = "Tyuiu.ArtemihinND.Sprint1.Task4.V18.Test", "Tyuiu.ArtemihinND.Sprint1.Task4.V18.Test\Tyuiu.ArtemihinND.Sprint1.Task4.V18.Test.csproj", "{75CFBB1E-2EB8-49AD-8388-17BCB79DE517}"
EndProject
Project("{2150E333-8FDC-42A3-9474-1A3956D46DE8}") = "Task5", "Task5", "{BF3980DC-63D3-4949-AF5D-74F680135314}"
EndProject
Project("{FAE04EC0-301F-11D3-BF4B-00C04F79EFBC}") = "Tyuiu.ArtemihinND.Sprint1.Task5.V1", "Tyuiu.ArtemihinND.Sprint1.Task5.V1\Tyuiu.ArtemihinND.Sprint1.Task5.V1.csproj", "{BA2918EC-8298-4B8C-B570-1CBD3346942B}"
EndProject
Project("{FAE04EC0-301F-11D3-BF4B-00C04F79EFBC}") = "Tyuiu.ArtemihinND.Sprint1.Task5.V1.Lib", "Tyuiu.ArtemihinND.Sprint1.Task5.V1.Lib\Tyuiu.ArtemihinND.Sprint1.Task5.V1.Lib.csproj", "{DA4129CF-334C-4055-BBAE-816C118CC0DB}"
EndProject
Project("{FAE04EC0-301F-11D3-BF4B-00C04F79EFBC}") = "Tyuiu.ArtemihinND.Sprint1.Task5.V1.Test", "Tyuiu.ArtemihinND.Sprint1.Task5.V1.Test\Tyuiu.ArtemihinND.Sprint1.Task5.V1.Test.csproj", "{1FC60883-644B-4AE2-9B6A-570E3D9B95F2}"
EndProject
Global
	GlobalSection(SolutionConfigurationPlatforms) = preSolution
		Debug|Any CPU = Debug|Any CPU
		Release|Any CPU = Release|Any CPU
	EndGlobalSection
	GlobalSection(ProjectConfigurationPlatforms) = postSolution
		{87B4B0FA-B4E8-4F86-A883-AA212C3EDE17}.Debug|Any CPU.ActiveCfg = Debug|Any CPU
		{87B4B0FA-B4E8-4F86-A883-AA212C3EDE17}.Debug|Any CPU.Build.0 = Debug|Any CPU
		{87B4B0FA-B4E8-4F86-A883-AA212C3EDE17}.Release|Any CPU.ActiveCfg = Release|Any CPU
		{87B4B0FA-B4E8-4F86-A883-AA212C3EDE17}.Release|Any CPU.Build.0 = Release|Any CPU
		{38F1AADB-BBEF-4CBA-ABC7-409C908A2C1F}.Debug|Any CPU.ActiveCfg = Debug|Any CPU
		{38F1AADB-BBEF-4CBA-ABC7-409C908A2C1F}.Debug|Any CPU.Build.0 = Debug|Any CPU
		{38F1AADB-BBEF-4CBA-ABC7-409C908A2C1F}.Release|Any CPU.ActiveCfg = Release|Any CPU
		{38F1AADB-BBEF-4CBA-ABC7-409C908A2C1F}.Release|Any CPU.Build.0 = Release|Any CPU
		{6757C5A7-2E77-480C-8AF9-DC55F8C77FEF}.Debug|Any CPU.ActiveCfg = Debug|Any CPU
		{6757C5A7-2E77-480C-8AF9-DC55F8C77FEF}.Debug|Any CPU.Build.0 = Debug|Any CPU
		{6757C5A7-2E77-480C-8AF9-DC55F8C77FEF}.Release|Any CPU.ActiveCfg = Release|Any CPU
		{6757C5A7-2E77-480C-8AF9-DC55F8C77FEF}.Release|Any CPU.Build.0 = Release|Any CPU
		{22D339CA-8FA2-4921-B2DF-3569A0B9A0E8}.Debug|Any CPU.ActiveCfg = Debug|Any CPU
		{22D339CA-8FA2-4921-B2DF-3569A0B9A0E8}.Debug|Any CPU.Build.0 = Debug|Any CPU
		{22D339CA-8FA2-4921-B2DF-3569A0B9A0E8}.Release|Any CPU.ActiveCfg = Release|Any CPU
		{22D339CA-8FA2-4921-B2DF-3569A0B9A0E8}.Release|Any CPU.Build.0 = Release|Any CPU
		{6A5C84DE-6D4A-4090-B154-98057BA09376}.Debug|Any CPU.ActiveCfg = Debug|Any CPU
		{6A5C84DE-6D4A-4090-B154-98057BA09376}.Debug|Any CPU.Build.0 = Debug|Any CPU
		{6A5C84DE-6D4A-4090-B154-98057BA09376}.Release|Any CPU.ActiveCfg = Release|Any CPU
		{6A5C84DE-6D4A-4090-B154-98057BA09376}.Release|Any CPU.Build.0 = Release|Any CPU
		{325B1C6D-83D6-4738-BD67-A3FABBCFA7B5}.Debug|Any CPU.ActiveCfg = Debug|Any CPU
		{325B1C6D-83D6-4738-BD67-A3FABBCFA7B5}.Debug|Any CPU.Build.0 = Debug|Any CPU
		{325B1C6D-83D6-4738-BD67-A3FABBCFA7B5}.Release|Any CPU.ActiveCfg = Release|Any CPU
		{325B1C6D-83D6-4738-BD67-A3FABBCFA7B5}.Release|Any CPU.Build.0 = Release|Any CPU
		{704029D3-2FB9-4D9C-850C-FAAEDA9D7E89}.Debug|Any CPU.ActiveCfg = Debug|Any CPU
		{704029D3-2FB9-4D9C-850C-FAAEDA9D7E89}.Debug|Any CPU.Build.0 = Debug|Any CPU
		{704029D3-2FB9-4D9C-850C-FAAEDA9D7E89}.Release|Any CPU.ActiveCfg = Release|Any CPU
		{704029D3-2FB9-4D9C-850C-FAAEDA9D7E89}.Release|Any CPU.Build.0 = Release|Any CPU
		{19CE7B9B-98DF-4BE2-8DFE-19B2DE814490}.Debug|Any CPU.ActiveCfg = Debug|Any CPU
		{19CE7B9B-98DF-4BE2-8DFE-19B2DE814490}.Debug|Any CPU.Build.0 = Debug|Any CPU
		{19CE7B9B-98DF-4BE2-8DFE-19B2DE814490}.Release|Any CPU.ActiveCfg = Release|Any CPU
		{19CE7B9B-98DF-4BE2-8DFE-19B2DE814490}.Release|Any CPU.Build.0 = Release|Any CPU
		{AFAE3218-EFFA-46A9-A197-1A8A9B500A1B}.Debug|Any CPU.ActiveCfg = Debug|Any CPU
		{AFAE3218-EFFA-46A9-A197-1A8A9B500A1B}.Debug|Any CPU.Build.0 = Debug|Any CPU
		{AFAE3218-EFFA-46A9-A197-1A8A9B500A1B}.Release|Any CPU.ActiveCfg = Release|Any CPU
		{AFAE3218-EFFA-46A9-A197-1A8A9B500A1B}.Release|Any CPU.Build.0 = Release|Any CPU
		{A1EA9829-EE80-435B-8EAF-550305AAB601}.Debug|Any CPU.ActiveCfg = Debug|Any CPU
		{A1EA9829-EE80-435B-8EAF-550305AAB601}.Debug|Any CPU.Build.0 = Debug|Any CPU
		{A1EA9829-EE80-435B-8EAF-550305AAB601}.Release|Any CPU.ActiveCfg = Release|Any CPU
		{A1EA9829-EE80-435B-8EAF-550305AAB601}.Release|Any CPU.Build.0 = Release|Any CPU
		{4637666F-A7BD-47CF-84A8-ADFE6C518CC9}.Debug|Any CPU.ActiveCfg = Debug|Any CPU
		{4637666F-A7BD-47CF-84A8-ADFE6C518CC9}.Debug|Any CPU.Build.0 = Debug|Any CPU
		{4637666F-A7BD-47CF-84A8-ADFE6C518CC9}.Release|Any CPU.ActiveCfg = Release|Any CPU
		{4637666F-A7BD-47CF-84A8-ADFE6C518CC9}.Release|Any CPU.Build.0 = Release|Any CPU
		{011ED8A8-F0A6-4EC5-9172-7FD9AF6E326A}.Debug|Any CPU.ActiveCfg = Debug|Any CPU
		{011ED8A8-F0A6-4EC5-9172-7FD9AF6E326A}.Debug|Any CPU.Build.0 = Debug|Any CPU
		{011ED8A8-F0A6-4EC5-9172-7FD9AF6E326A}.Release|Any CPU.ActiveCfg = Release|Any CPU
		{011ED8A8-F0A6-4EC5-9172-7FD9AF6E326A}.Release|Any CPU.Build.0 = Release|Any CPU
		{1B109BDA-2863-434A-B3E4-3229E6E9A79F}.Debug|Any CPU.ActiveCfg = Debug|Any CPU
		{1B109BDA-2863-434A-B3E4-3229E6E9A79F}.Debug|Any CPU.Build.0 = Debug|Any CPU
		{1B109BDA-2863-434A-B3E4-3229E6E9A79F}.Release|Any CPU.ActiveCfg = Release|Any CPU
		{1B109BDA-2863-434A-B3E4-3229E6E9A79F}.Release|Any CPU.Build.0 = Release|Any CPU
		{BB96648C-5BAA-4531-883C-72592FB41553}.Debug|Any CPU.ActiveCfg = Debug|Any CPU
		{BB96648C-5BAA-4531-883C-72592FB41553}.Debug|Any CPU.Build.0 = Debug|Any CPU
		{BB96648C-5BAA-4531-883C-72592FB41553}.Release|Any CPU.ActiveCfg = Release|Any CPU
		{BB96648C-5BAA-4531-883C-72592FB41553}.Release|Any CPU.Build.0 = Release|Any CPU
		{75CFBB1E-2EB8-49AD-8388-17BCB79DE517}.Debug|Any CPU.ActiveCfg = Debug|Any CPU
		{75CFBB1E-2EB8-49AD-8388-17BCB79DE517}.Debug|Any CPU.Build.0 = Debug|Any CPU
		{75CFBB1E-2EB8-49AD-8388-17BCB79DE517}.Release|Any CPU.ActiveCfg = Release|Any CPU
		{75CFBB1E-2EB8-49AD-8388-17BCB79DE517}.Release|Any CPU.Build.0 = Release|Any CPU
		{BA2918EC-8298-4B8C-B570-1CBD3346942B}.Debug|Any CPU.ActiveCfg = Debug|Any CPU
		{BA2918EC-8298-4B8C-B570-1CBD3346942B}.Debug|Any CPU.Build.0 = Debug|Any CPU
		{BA2918EC-8298-4B8C-B570-1CBD3346942B}.Release|Any CPU.ActiveCfg = Release|Any CPU
		{BA2918EC-8298-4B8C-B570-1CBD3346942B}.Release|Any CPU.Build.0 = Release|Any CPU
		{DA4129CF-334C-4055-BBAE-816C118CC0DB}.Debug|Any CPU.ActiveCfg = Debug|Any CPU
		{DA4129CF-334C-4055-BBAE-816C118CC0DB}.Debug|Any CPU.Build.0 = Debug|Any CPU
		{DA4129CF-334C-4055-BBAE-816C118CC0DB}.Release|Any CPU.ActiveCfg = Release|Any CPU
		{DA4129CF-334C-4055-BBAE-816C118CC0DB}.Release|Any CPU.Build.0 = Release|Any CPU
		{1FC60883-644B-4AE2-9B6A-570E3D9B95F2}.Debug|Any CPU.ActiveCfg = Debug|Any CPU
		{1FC60883-644B-4AE2-9B6A-570E3D9B95F2}.Debug|Any CPU.Build.0 = Debug|Any CPU
		{1FC60883-644B-4AE2-9B6A-570E3D9B95F2}.Release|Any CPU.ActiveCfg = Release|Any CPU
		{1FC60883-644B-4AE2-9B6A-570E3D9B95F2}.Release|Any CPU.Build.0 = Release|Any CPU
	EndGlobalSection
	GlobalSection(SolutionProperties) = preSolution
		HideSolutionNode = FALSE
	EndGlobalSection
	GlobalSection(NestedProjects) = preSolution
		{87B4B0FA-B4E8-4F86-A883-AA212C3EDE17} = {02EA681E-C7D8-13C7-8484-4AC65E1B71E8}
		{38F1AADB-BBEF-4CBA-ABC7-409C908A2C1F} = {02EA681E-C7D8-13C7-8484-4AC65E1B71E8}
		{6757C5A7-2E77-480C-8AF9-DC55F8C77FEF} = {02EA681E-C7D8-13C7-8484-4AC65E1B71E8}
		{22D339CA-8FA2-4921-B2DF-3569A0B9A0E8} = {738791F6-E88B-4E4B-A3FD-248213590920}
		{6A5C84DE-6D4A-4090-B154-98057BA09376} = {738791F6-E88B-4E4B-A3FD-248213590920}
		{325B1C6D-83D6-4738-BD67-A3FABBCFA7B5} = {738791F6-E88B-4E4B-A3FD-248213590920}
		{704029D3-2FB9-4D9C-850C-FAAEDA9D7E89} = {35970FF3-5C37-43A7-AA86-83A962CD0F51}
		{19CE7B9B-98DF-4BE2-8DFE-19B2DE814490} = {35970FF3-5C37-43A7-AA86-83A962CD0F51}
		{AFAE3218-EFFA-46A9-A197-1A8A9B500A1B} = {35970FF3-5C37-43A7-AA86-83A962CD0F51}
		{A1EA9829-EE80-435B-8EAF-550305AAB601} = {10FB1857-B4D6-4276-85D8-C763163B0C24}
		{4637666F-A7BD-47CF-84A8-ADFE6C518CC9} = {10FB1857-B4D6-4276-85D8-C763163B0C24}
		{011ED8A8-F0A6-4EC5-9172-7FD9AF6E326A} = {10FB1857-B4D6-4276-85D8-C763163B0C24}
		{1B109BDA-2863-434A-B3E4-3229E6E9A79F} = {7C8EF3AF-0C20-4433-BEFF-8069291C4475}
		{BB96648C-5BAA-4531-883C-72592FB41553} = {7C8EF3AF-0C20-4433-BEFF-8069291C4475}
		{75CFBB1E-2EB8-49AD-8388-17BCB79DE517} = {7C8EF3AF-0C20-4433-BEFF-8069291C4475}
		{BA2918EC-8298-4B8C-B570-1CBD3346942B} = {BF3980DC-63D3-4949-AF5D-74F680135314}
		{DA4129CF-334C-4055-BBAE-816C118CC0DB} = {BF3980DC-63D3-4949-AF5D-74F680135314}
		{1FC60883-644B-4AE2-9B6A-570E3D9B95F2} = {BF3980DC-63D3-4949-AF5D-74F680135314}
	EndGlobalSection
	GlobalSection(ExtensibilityGlobals) = postSolution
		SolutionGuid = {388166EA-FBE8-4C71-BD3E-502304504065}
	EndGlobalSection
EndGlobal
